{
  "version": 1,
  "dependencies": {
    "net8.0": {
      "Microsoft.Data.Sqlite": {
        "type": "Direct",
        "requested": "[8.*, )",
        "resolved": "8.0.22",
        "contentHash": "vPqCMcGbioWfehIZvyh68Jy1jRPXFQ89ZlAnrquYm+yrH891SHPdqWCDeA8h70pWN/L78eK/Ze7un9TPI6EsZA==",
        "dependencies": {
          "Microsoft.Data.Sqlite.Core": "8.0.22",
          "SQLitePCLRaw.bundle_e_sqlite3": "2.1.6"
        }
      },
      "Microsoft.Extensions.DependencyInjection.Abstractions": {
        "type": "Direct",
        "requested": "[8.*, )",
        "resolved": "8.0.2",
        "contentHash": "3iE7UF7MQkCv1cxzCahz+Y/guQbTqieyxyaWKhrRO91itI9cOKO76OHeQDahqG4MmW5umr3CcCvGmK92lWNlbg=="
      },
      "Microsoft.Extensions.Hosting": {
        "type": "Direct",
        "requested": "[8.*, )",
        "resolved": "8.0.1",
        "contentHash": "bP9EEkHBEfjgYiG8nUaXqMk/ujwJrffOkNPP7onpRMO8R+OUSESSP4xHkCAXgYZ1COP2Q9lXlU5gkMFh20gRuw==",
        "dependencies": {
          "Microsoft.Extensions.Configuration": "8.0.0",
          "Microsoft.Extensions.Configuration.Abstractions": "8.0.0",
          "Microsoft.Extensions.Configuration.Binder": "8.0.2",
          "Microsoft.Extensions.Configuration.CommandLine": "8.0.0",
          "Microsoft.Extensions.Configuration.EnvironmentVariables": "8.0.0",
          "Microsoft.Extensions.Configuration.FileExtensions": "8.0.1",
          "Microsoft.Extensions.Configuration.Json": "8.0.1",
          "Microsoft.Extensions.Configuration.UserSecrets": "8.0.1",
          "Microsoft.Extensions.DependencyInjection": "8.0.1",
          "Microsoft.Extensions.DependencyInjection.Abstractions": "8.0.2",
          "Microsoft.Extensions.Diagnostics": "8.0.1",
          "Microsoft.Extensions.FileProviders.Abstractions": "8.0.0",
          "Microsoft.Extensions.FileProviders.Physical": "8.0.0",
          "Microsoft.Extensions.Hosting.Abstractions": "8.0.1",
          "Microsoft.Extensions.Logging": "8.0.1",
          "Microsoft.Extensions.Logging.Abstractions": "8.0.2",
          "Microsoft.Extensions.Logging.Configuration": "8.0.1",
          "Microsoft.Extensions.Logging.Console": "8.0.1",
          "Microsoft.Extensions.Logging.Debug": "8.0.1",
          "Microsoft.Extensions.Logging.EventLog": "8.0.1",
          "Microsoft.Extensions.Logging.EventSource": "8.0.1",
          "Microsoft.Extensions.Options": "8.0.2"
        }
      },
      "Microsoft.Extensions.Logging.Abstractions": {
        "type": "Direct",
        "requested": "[8.*, )",
        "resolved": "8.0.3",
        "contentHash": "dL0QGToTxggRLMYY4ZYX5AMwBb+byQBd/5dMiZE07Nv73o6I5Are3C7eQTh7K2+A4ct0PVISSr7TZANbiNb2yQ==",
        "dependencies": {
          "Microsoft.Extensions.DependencyInjection.Abstractions": "8.0.2"
        }
      },
      "Microsoft.Extensions.Options": {
        "type": "Direct",
        "requested": "[8.*, )",
        "resolved": "8.0.2",
        "contentHash": "dWGKvhFybsaZpGmzkGCbNNwBD1rVlWzrZKANLW/CcbFJpCEceMCGzT7zZwHOGBCbwM0SzBuceMj5HN1LKV1QqA==",
        "dependencies": {
          "Microsoft.Extensions.DependencyInjection.Abstractions": "8.0.0",
          "Microsoft.Extensions.Primitives": "8.0.0"
        }
      },
      "ModelContextProtocol": {
        "type": "Direct",
        "requested": "[0.4.0-preview.3, )",
        "resolved": "0.4.0-preview.3",
        "contentHash": "iwUNEuzePz0+oYapLvi5HssEmyhWcUscfZLA0g2PDf220VZ89KXrdLhraxXtFWXe25OvkW/8eEJLZmvuK+Gmzw==",
        "dependencies": {
          "Microsoft.Extensions.Hosting.Abstractions": "8.0.1",
          "ModelContextProtocol.Core": "0.4.0-preview.3"
        }
      },
      "Ecng.Collections": {
        "type": "Transitive",
        "resolved": "1.0.247",
        "contentHash": "Pq+qGRbwTN6gNYlpvJpt/KNAw35Jet1Fvc5gfBV1P7ONvlq0U4DZgvBA7sgAUqtusYIKHfTNu9lrlnfyx54o/w==",
        "dependencies": {
          "Ecng.Common": "1.0.223"
        }
      },
      "Ecng.Common": {
        "type": "Transitive",
        "resolved": "1.0.223",
        "contentHash": "cUzoUo9uJoHjKn4xBqEj09h4EDmZ6Q5Nl9EY/IgnwdmFNewxTIUMnZ7czbsk+Tvv4VysIiOMCAqEgaJn+Z1AKg==",
        "dependencies": {
          "Ecng.SmartFormat": "1.0.38",
          "Nito.AsyncEx": "5.1.2",
          "System.Reflection.Emit.Lightweight": "4.7.0",
          "System.Text.Encoding.CodePages": "8.0.0"
        }
      },
      "Ecng.Compilation": {
        "type": "Transitive",
        "resolved": "1.0.230",
        "contentHash": "xseHA9XiyvjI/KKdX1BKT7N2p33SRsSx4Uubl9ou/A1Q4m3gtiW9wJ9mXs8txklPD7PUF8JNFLPhKRtQOox+TQ==",
        "dependencies": {
          "Ecng.ComponentModel": "1.0.367"
        }
      },
      "Ecng.ComponentModel": {
        "type": "Transitive",
        "resolved": "1.0.367",
        "contentHash": "gGcXFcWQtg6sH9JJf4cL/cpQ9kG4vQIteBnaY2AgModsRNRfDJy+Asnxg1H7lKNdgChpRPb0QaLrPEULT6F0fQ==",
        "dependencies": {
          "Ecng.Localization": "1.0.217",
          "Ecng.Serialization": "1.0.292"
        }
      },
      "Ecng.Configuration": {
        "type": "Transitive",
        "resolved": "1.0.228",
        "contentHash": "kGPzUOjs6UWyhhWsUYk/e370Zbn0CQsc+KD83AGgFrczx/tMwJXREVLa7wrk2k0F3lT9J2gaC7WGuz39H56utg==",
        "dependencies": {
          "Ecng.Common": "1.0.223",
          "System.Configuration.ConfigurationManager": "8.0.1"
        }
      },
      "Ecng.Drawing": {
        "type": "Transitive",
        "resolved": "1.0.141",
        "contentHash": "ZAmn8xhqPt52vdzEJxHzTpdM8wYE5gBDh+E2puWmHV9YEHGW9u/w4rsMhN06JxMnnXpiSROvafBDUWrdUz4sbg==",
        "dependencies": {
          "Ecng.Localization": "1.0.217"
        }
      },
      "Ecng.Interop": {
        "type": "Transitive",
        "resolved": "1.0.281",
        "contentHash": "Nnq8IXbh5PG1P9oY8VSHiAUHJBQ6AXxSFfKKueDET9QOavKr6mDLTNhnJZQJ1Fgby+YVkfWflGuIRGuUHAeoqw==",
        "dependencies": {
          "Ecng.Common": "1.0.223",
          "WmiLight": "6.5.2"
        }
      },
      "Ecng.IO": {
        "type": "Transitive",
        "resolved": "1.0.228",
        "contentHash": "2Nqm9uvQxV2oTfS9igvxTfUPAbFnK8Rb++lQJNc5uD2JW9cHk9nXJBx3M2gbsLZ0N3xJgGXu1LALIZxKLQPw1g==",
        "dependencies": {
          "Ecng.Common": "1.0.223",
          "Ecng.Lzma": "1.0.63"
        }
      },
      "Ecng.Linq": {
        "type": "Transitive",
        "resolved": "1.0.132",
        "contentHash": "ywP5lZJlGdoG71vT7MjOMW37JSqYjIq843DOnHDUAOzjQzadrWYSXgexbHArV4QtJgZiX7kzPFCH4s+D01Idvg==",
        "dependencies": {
          "Ecng.Common": "1.0.223"
        }
      },
      "Ecng.Localization": {
        "type": "Transitive",
        "resolved": "1.0.217",
        "contentHash": "jNceBllkS6LtMeLCmMLROAbGka8YVINWC/1HQ6blEAiA49g4atwFeQfjgySnY+ms0AVOon1xYvXYiOxvQ05hbA==",
        "dependencies": {
          "Ecng.Common": "1.0.223"
        }
      },
      "Ecng.Logging": {
        "type": "Transitive",
        "resolved": "1.0.87",
        "contentHash": "uE30ZFGThiBqfJGr5G1d9bWJe3XhEVHtJ2ezdFNNTOCv/9zG1m1sgTlUgPEbrDpz9JsgC8ts4RC9zTbQkW5A1Q==",
        "dependencies": {
          "Ecng.ComponentModel": "1.0.367",
          "Ecng.Localization": "1.0.217"
        }
      },
      "Ecng.Lzma": {
        "type": "Transitive",
        "resolved": "1.0.63",
        "contentHash": "dDMirXsf+cRf9ehq2ijy6dXPyMBIqx2/5e0lZ/plnM8kQwlIc63PeyBAX2zvLJ+lIfNJePwt8SvTVdtYPn9mSg=="
      },
      "Ecng.MathLight": {
        "type": "Transitive",
        "resolved": "1.0.12",
        "contentHash": "h5kaoryfHYBkxa+iZB+NDE8C67NiRfdTAu1MMYIVhVLUJoKwR3u7QoV7WhhN6/aK7xmMbmRZ3e0TaGbyr39WGA=="
      },
      "Ecng.Net": {
        "type": "Transitive",
        "resolved": "1.0.431",
        "contentHash": "sTCsC66c12cMgytEqCVwTJu70zq1Gi3AHj1/1XiLGkC7EvsLHWYXtvzToZ6fdFRcmGC/teornD3O9YWdyFVx3w==",
        "dependencies": {
          "Ecng.ComponentModel": "1.0.367"
        }
      },
      "Ecng.Reflection": {
        "type": "Transitive",
        "resolved": "1.0.260",
        "contentHash": "s/zRxi+RhwaOwaUGjjGotfKVozvNI3KNC7m8ij0GQleFXIOw2LxTy/Hs253OqBqFdkQtWO4zxcXua2SeKPaGuA==",
        "dependencies": {
          "Ecng.Collections": "1.0.247"
        }
      },
      "Ecng.Security": {
        "type": "Transitive",
        "resolved": "1.0.253",
        "contentHash": "fgio7czPjH2kWbVXq+e75AcgIGcCpB32c0wEsC15wX0T27QwgEkB3BadYVSFYRCg7I/kFc+PXr4j46uucEzw+A==",
        "dependencies": {
          "Ecng.Collections": "1.0.247"
        }
      },
      "Ecng.Serialization": {
        "type": "Transitive",
        "resolved": "1.0.292",
        "contentHash": "LEG5vAcRR7x2tlRijQdcfCOgjd0AhonMFjqIcnckO7PMNH9lNOsg7ogzaazPqMuxE8QnRK4w+jQxi9wOO4LXCA==",
        "dependencies": {
          "Ecng.Reflection": "1.0.260",
          "Ecng.Security": "1.0.253"
        }
      },
      "Ecng.SmartFormat": {
        "type": "Transitive",
        "resolved": "1.0.38",
        "contentHash": "da23pEqHVm5rgIdx4aOxP0Nmi3pTH2e+wqWDW7EccnjGuMd/ALPwh3EeE5DDVLjV/Z5+8iXMUlLi7qk6GVgrjA==",
        "dependencies": {
          "Newtonsoft.Json": "13.0.4"
        }
      },
      "Ecng.StringSearch": {
        "type": "Transitive",
        "resolved": "1.0.204",
        "contentHash": "8ek5R6k7L015YnVoYi67R5owmW09EKTrfYSzjpajbQ/Ge6fcp1Oq6cpesWUOngD/F0wQWIn6WJ31rCmuoJMGUQ==",
        "dependencies": {
          "Ecng.Collections": "1.0.247"
        }
      },
      "GeneticSharp": {
        "type": "Transitive",
        "resolved": "3.1.4",
        "contentHash": "U7NfUCVoiX0tKl6uvN7QGj6rHiM+jWRip+SbWYwG8RqZZcTwCBWO5IPwgKhSnh0vjV/LzRMUBEuSiZKAPl6I+Q=="
      },
      "Microsoft.Data.Sqlite.Core": {
        "type": "Transitive",
        "resolved": "8.0.22",
        "contentHash": "x09ObAhKeabVMKRi3/jU0HvIcm0T/RxjSdqGmwbTeya/Iev+aPIB69atBuR+kfbZ9P+EspBSAQ0kQ5Qc/REsXQ==",
        "dependencies": {
          "SQLitePCLRaw.core": "2.1.6"
        }
      },
      "Microsoft.Extensions.AI.Abstractions": {
        "type": "Transitive",
        "resolved": "9.10.0",
        "contentHash": "oBdh3TDNN+F28L2ZKOF1NfobJF3BbKWrpta+HI9dz8OcwIiIkFGvP8n1GNPO92upNQ9gofMX1O+MXtopW6tR1A=="
      },
      "Microsoft.Extensions.Configuration": {
        "type": "Transitive",
        "resolved": "8.0.0",
        "contentHash": "0J/9YNXTMWSZP2p2+nvl8p71zpSwokZXZuJW+VjdErkegAnFdO1XlqtA62SJtgVYHdKu3uPxJHcMR/r35HwFBA==",
        "dependencies": {
          "Microsoft.Extensions.Configuration.Abstractions": "8.0.0",
          "Microsoft.Extensions.Primitives": "8.0.0"
        }
      },
      "Microsoft.Extensions.Configuration.Abstractions": {
        "type": "Transitive",
        "resolved": "8.0.0",
        "contentHash": "3lE/iLSutpgX1CC0NOW70FJoGARRHbyKmG7dc0klnUZ9Dd9hS6N/POPWhKhMLCEuNN5nXEY5agmlFtH562vqhQ==",
        "dependencies": {
          "Microsoft.Extensions.Primitives": "8.0.0"
        }
      },
      "Microsoft.Extensions.Configuration.Binder": {
        "type": "Transitive",
        "resolved": "8.0.2",
        "contentHash": "7IQhGK+wjyGrNsPBjJcZwWAr+Wf6D4+TwOptUt77bWtgNkiV8tDEbhFS+dDamtQFZ2X7kWG9m71iZQRj2x3zgQ==",
        "dependencies": {
          "Microsoft.Extensions.Configuration.Abstractions": "8.0.0"
        }
      },
      "Microsoft.Extensions.Configuration.CommandLine": {
        "type": "Transitive",
        "resolved": "8.0.0",
        "contentHash": "NZuZMz3Q8Z780nKX3ifV1fE7lS+6pynDHK71OfU4OZ1ItgvDOhyOC7E6z+JMZrAj63zRpwbdldYFk499t3+1dQ==",
        "dependencies": {
          "Microsoft.Extensions.Configuration": "8.0.0",
          "Microsoft.Extensions.Configuration.Abstractions": "8.0.0"
        }
      },
      "Microsoft.Extensions.Configuration.EnvironmentVariables": {
        "type": "Transitive",
        "resolved": "8.0.0",
        "contentHash": "plvZ0ZIpq+97gdPNNvhwvrEZ92kNml9hd1pe3idMA7svR0PztdzVLkoWLcRFgySYXUJc3kSM3Xw3mNFMo/bxRA==",
        "dependencies": {
          "Microsoft.Extensions.Configuration": "8.0.0",
          "Microsoft.Extensions.Configuration.Abstractions": "8.0.0"
        }
      },
      "Microsoft.Extensions.Configuration.FileExtensions": {
        "type": "Transitive",
        "resolved": "8.0.1",
        "contentHash": "EJzSNO9oaAXnTdtdNO6npPRsIIeZCBSNmdQ091VDO7fBiOtJAAeEq6dtrVXIi3ZyjC5XRSAtVvF8SzcneRHqKQ==",
        "dependencies": {
          "Microsoft.Extensions.Configuration": "8.0.0",
          "Microsoft.Extensions.Configuration.Abstractions": "8.0.0",
          "Microsoft.Extensions.FileProviders.Abstractions": "8.0.0",
          "Microsoft.Extensions.FileProviders.Physical": "8.0.0",
          "Microsoft.Extensions.Primitives": "8.0.0"
        }
      },
      "Microsoft.Extensions.Configuration.Json": {
        "type": "Transitive",
        "resolved": "8.0.1",
        "contentHash": "L89DLNuimOghjV3tLx0ArFDwVEJD6+uGB3BMCMX01kaLzXkaXHb2021xOMl2QOxUxbdePKUZsUY7n2UUkycjRg==",
        "dependencies": {
          "Microsoft.Extensions.Configuration": "8.0.0",
          "Microsoft.Extensions.Configuration.Abstractions": "8.0.0",
          "Microsoft.Extensions.Configuration.FileExtensions": "8.0.1",
          "Microsoft.Extensions.FileProviders.Abstractions": "8.0.0"
        }
      },
      "Microsoft.Extensions.Configuration.UserSecrets": {
        "type": "Transitive",
        "resolved": "8.0.1",
        "contentHash": "7tYqdPPpAK+3jO9d5LTuCK2VxrEdf85Ol4trUr6ds4jclBecadWZ/RyPCbNjfbN5iGTfUnD/h65TOQuqQv2c+A==",
        "dependencies": {
          "Microsoft.Extensions.Configuration.Abstractions": "8.0.0",
          "Microsoft.Extensions.Configuration.Json": "8.0.1",
          "Microsoft.Extensions.FileProviders.Abstractions": "8.0.0",
          "Microsoft.Extensions.FileProviders.Physical": "8.0.0"
        }
      },
      "Microsoft.Extensions.DependencyInjection": {
        "type": "Transitive",
        "resolved": "8.0.1",
        "contentHash": "BmANAnR5Xd4Oqw7yQ75xOAYODybZQRzdeNucg7kS5wWKd2PNnMdYtJ2Vciy0QLylRmv42DGl5+AFL9izA6F1Rw==",
        "dependencies": {
          "Microsoft.Extensions.DependencyInjection.Abstractions": "8.0.2"
        }
      },
      "Microsoft.Extensions.Diagnostics": {
        "type": "Transitive",
        "resolved": "8.0.1",
        "contentHash": "doVPCUUCY7c6LhBsEfiy3W1bvS7Mi6LkfQMS8nlC22jZWNxBv8VO8bdfeyvpYFst6Kxqk7HBC6lytmEoBssvSQ==",
        "dependencies": {
          "Microsoft.Extensions.Configuration": "8.0.0",
          "Microsoft.Extensions.Diagnostics.Abstractions": "8.0.1",
          "Microsoft.Extensions.Options.ConfigurationExtensions": "8.0.0"
        }
      },
      "Microsoft.Extensions.Diagnostics.Abstractions": {
        "type": "Transitive",
        "resolved": "8.0.1",
        "contentHash": "elH2vmwNmsXuKmUeMQ4YW9ldXiF+gSGDgg1vORksob5POnpaI6caj1Hu8zaYbEuibhqCoWg0YRWDazBY3zjBfg==",
        "dependencies": {
          "Microsoft.Extensions.DependencyInjection.Abstractions": "8.0.2",
          "Microsoft.Extensions.Options": "8.0.2"
        }
      },
      "Microsoft.Extensions.FileProviders.Abstractions": {
        "type": "Transitive",
        "resolved": "8.0.0",
        "contentHash": "ZbaMlhJlpisjuWbvXr4LdAst/1XxH3vZ6A0BsgTphZ2L4PGuxRLz7Jr/S7mkAAnOn78Vu0fKhEgNF5JO3zfjqQ==",
        "dependencies": {
          "Microsoft.Extensions.Primitives": "8.0.0"
        }
      },
      "Microsoft.Extensions.FileProviders.Physical": {
        "type": "Transitive",
        "resolved": "8.0.0",
        "contentHash": "UboiXxpPUpwulHvIAVE36Knq0VSHaAmfrFkegLyBZeaADuKezJ/AIXYAW8F5GBlGk/VaibN2k/Zn1ca8YAfVdA==",
        "dependencies": {
          "Microsoft.Extensions.FileProviders.Abstractions": "8.0.0",
          "Microsoft.Extensions.FileSystemGlobbing": "8.0.0",
          "Microsoft.Extensions.Primitives": "8.0.0"
        }
      },
      "Microsoft.Extensions.FileSystemGlobbing": {
        "type": "Transitive",
        "resolved": "8.0.0",
        "contentHash": "OK+670i7esqlQrPjdIKRbsyMCe9g5kSLpRRQGSr4Q58AOYEe/hCnfLZprh7viNisSUUQZmMrbbuDaIrP+V1ebQ=="
      },
      "Microsoft.Extensions.Hosting.Abstractions": {
        "type": "Transitive",
        "resolved": "8.0.1",
        "contentHash": "nHwq9aPBdBPYXPti6wYEEfgXddfBrYC+CQLn+qISiwQq5tpfaqDZSKOJNxoe9rfQxGf1c+2wC/qWFe1QYJPYqw==",
        "dependencies": {
          "Microsoft.Extensions.Configuration.Abstractions": "8.0.0",
          "Microsoft.Extensions.DependencyInjection.Abstractions": "8.0.2",
          "Microsoft.Extensions.Diagnostics.Abstractions": "8.0.1",
          "Microsoft.Extensions.FileProviders.Abstractions": "8.0.0",
          "Microsoft.Extensions.Logging.Abstractions": "8.0.2"
        }
      },
      "Microsoft.Extensions.Logging": {
        "type": "Transitive",
        "resolved": "8.0.1",
        "contentHash": "4x+pzsQEbqxhNf1QYRr5TDkLP9UsLT3A6MdRKDDEgrW7h1ljiEPgTNhKYUhNCCAaVpQECVQ+onA91PTPnIp6Lw==",
        "dependencies": {
          "Microsoft.Extensions.DependencyInjection": "8.0.1",
          "Microsoft.Extensions.Logging.Abstractions": "8.0.2",
          "Microsoft.Extensions.Options": "8.0.2"
        }
      },
      "Microsoft.Extensions.Logging.Configuration": {
        "type": "Transitive",
        "resolved": "8.0.1",
        "contentHash": "QWwTrsgOnJMmn+XUslm8D2H1n3PkP/u/v52FODtyBc/k4W9r3i2vcXXeeX/upnzllJYRRbrzVzT0OclfNJtBJA==",
        "dependencies": {
          "Microsoft.Extensions.Configuration": "8.0.0",
          "Microsoft.Extensions.Configuration.Abstractions": "8.0.0",
          "Microsoft.Extensions.Configuration.Binder": "8.0.2",
          "Microsoft.Extensions.DependencyInjection.Abstractions": "8.0.2",
          "Microsoft.Extensions.Logging": "8.0.1",
          "Microsoft.Extensions.Logging.Abstractions": "8.0.2",
          "Microsoft.Extensions.Options": "8.0.2",
          "Microsoft.Extensions.Options.ConfigurationExtensions": "8.0.0"
        }
      },
      "Microsoft.Extensions.Logging.Console": {
        "type": "Transitive",
        "resolved": "8.0.1",
        "contentHash": "uzcg/5U2eLyn5LIKlERkdSxw6VPC1yydnOSQiRRWGBGN3kphq3iL4emORzrojScDmxRhv49gp5BI8U3Dz7y4iA==",
        "dependencies": {
          "Microsoft.Extensions.DependencyInjection.Abstractions": "8.0.2",
          "Microsoft.Extensions.Logging": "8.0.1",
          "Microsoft.Extensions.Logging.Abstractions": "8.0.2",
          "Microsoft.Extensions.Logging.Configuration": "8.0.1",
          "Microsoft.Extensions.Options": "8.0.2"
        }
      },
      "Microsoft.Extensions.Logging.Debug": {
        "type": "Transitive",
        "resolved": "8.0.1",
        "contentHash": "B8hqNuYudC2RB+L/DI33uO4rf5by41fZVdcVL2oZj0UyoAZqnwTwYHp1KafoH4nkl1/23piNeybFFASaV2HkFg==",
        "dependencies": {
          "Microsoft.Extensions.DependencyInjection.Abstractions": "8.0.2",
          "Microsoft.Extensions.Logging": "8.0.1",
          "Microsoft.Extensions.Logging.Abstractions": "8.0.2"
        }
      },
      "Microsoft.Extensions.Logging.EventLog": {
        "type": "Transitive",
        "resolved": "8.0.1",
        "contentHash": "ZD1m4GXoxcZeDJIq8qePKj+QAWeQNO/OG8skvrOG8RQfxLp9MAKRoliTc27xanoNUzeqvX5HhS/I7c0BvwAYUg==",
        "dependencies": {
          "Microsoft.Extensions.DependencyInjection.Abstractions": "8.0.2",
          "Microsoft.Extensions.Logging": "8.0.1",
          "Microsoft.Extensions.Logging.Abstractions": "8.0.2",
          "Microsoft.Extensions.Options": "8.0.2",
          "System.Diagnostics.EventLog": "8.0.1"
        }
      },
      "Microsoft.Extensions.Logging.EventSource": {
        "type": "Transitive",
        "resolved": "8.0.1",
        "contentHash": "YMXMAla6B6sEf/SnfZYTty633Ool3AH7KOw2LOaaEqwSo2piK4f7HMtzyc3CNiipDnq1fsUSuG5Oc7ZzpVy8WQ==",
        "dependencies": {
          "Microsoft.Extensions.DependencyInjection.Abstractions": "8.0.2",
          "Microsoft.Extensions.Logging": "8.0.1",
          "Microsoft.Extensions.Logging.Abstractions": "8.0.2",
          "Microsoft.Extensions.Options": "8.0.2",
          "Microsoft.Extensions.Primitives": "8.0.0"
        }
      },
      "Microsoft.Extensions.Options.ConfigurationExtensions": {
        "type": "Transitive",
        "resolved": "8.0.0",
        "contentHash": "0f4DMRqEd50zQh+UyJc+/HiBsZ3vhAQALgdkcQEalSH1L2isdC7Yj54M3cyo5e+BeO5fcBQ7Dxly8XiBBcvRgw==",
        "dependencies": {
          "Microsoft.Extensions.Configuration.Abstractions": "8.0.0",
          "Microsoft.Extensions.Configuration.Binder": "8.0.0",
          "Microsoft.Extensions.DependencyInjection.Abstractions": "8.0.0",
          "Microsoft.Extensions.Options": "8.0.0",
          "Microsoft.Extensions.Primitives": "8.0.0"
        }
      },
      "Microsoft.Extensions.Primitives": {
        "type": "Transitive",
        "resolved": "8.0.0",
        "contentHash": "bXJEZrW9ny8vjMF1JV253WeLhpEVzFo1lyaZu1vQ4ZxWUlVvknZ/+ftFgVheLubb4eZPSwwxBeqS1JkCOjxd8g=="
      },
      "ModelContextProtocol.Core": {
        "type": "Transitive",
        "resolved": "0.4.0-preview.3",
        "contentHash": "r6/cThY2hDnBHB0qrZ195jw7Ks3vN5bi+uqgUa+19OS9E3+/L7OZ267dlrRmIDiBIwcQDqhpe3/p6BgsULkfug==",
        "dependencies": {
          "Microsoft.Extensions.AI.Abstractions": "9.10.0",
          "Microsoft.Extensions.Logging.Abstractions": "8.0.3",
          "System.IO.Pipelines": "8.0.0",
          "System.Net.ServerSentEvents": "10.0.0-rc.2.25502.107"
        }
      },
      "Newtonsoft.Json": {
        "type": "Transitive",
        "resolved": "13.0.4",
        "contentHash": "pdgNNMai3zv51W5aq268sujXUyx7SNdE2bj1wZcWjAQrKMFZV260lbqYop1d2GM67JI1huLRwxo9ZqnfF/lC6A=="
      },
      "Nito.AsyncEx": {
        "type": "Transitive",
        "resolved": "5.1.2",
        "contentHash": "hq+N63M/2znx2z1VzvPDHNg+HIWKdIloEZre+P7E0O+2iRf1Q4HBOgeiJU6SzFD/fWoyKyKSSSrekk4RgiXaeQ==",
        "dependencies": {
          "Nito.AsyncEx.Context": "5.1.2",
          "Nito.AsyncEx.Coordination": "5.1.2",
          "Nito.AsyncEx.Interop.WaitHandles": "5.1.2",
          "Nito.AsyncEx.Oop": "5.1.2",
          "Nito.AsyncEx.Tasks": "5.1.2",
          "Nito.Cancellation": "1.1.2"
        }
      },
      "Nito.AsyncEx.Context": {
        "type": "Transitive",
        "resolved": "5.1.2",
        "contentHash": "rMwL7Nj3oNyvFu/jxUzQ/YBobEkM2RQHe+5mpCDRyq6mfD7vCj7Z3rjB6XgpM6Mqcx1CA2xGv0ascU/2Xk8IIg==",
        "dependencies": {
          "Nito.AsyncEx.Tasks": "5.1.2"
        }
      },
      "Nito.AsyncEx.Coordination": {
        "type": "Transitive",
        "resolved": "5.1.2",
        "contentHash": "QMyUfsaxov//0ZMbOHWr9hJaBFteZd66DV1ay4J5wRODDb8+K/uHC7+3VsOflo6SVw/29mu8OWZp8vMDSuzc0w==",
        "dependencies": {
          "Nito.AsyncEx.Tasks": "5.1.2",
          "Nito.Collections.Deque": "1.1.1"
        }
      },
      "Nito.AsyncEx.Interop.WaitHandles": {
        "type": "Transitive",
        "resolved": "5.1.2",
        "contentHash": "qym29lFBCSIacKvFcJDW+beXzuO+6y9lWdd1KecxzzAqtNuvlYgNPwIsxwdhEINLhTT4aDuCM3JalpUZYWI51Q==",
        "dependencies": {
          "Nito.AsyncEx.Tasks": "5.1.2"
        }
      },
      "Nito.AsyncEx.Oop": {
        "type": "Transitive",
        "resolved": "5.1.2",
        "contentHash": "MxQl/NFoPgMApyjbB2fSZBrjdf9r6ODd/BTrWLyJKYX6UeNfw0Ocr0cPiTg2LRN0Ayud8Gj4dh67AdasNn709Q==",
        "dependencies": {
          "Nito.AsyncEx.Coordination": "5.1.2"
        }
      },
      "Nito.AsyncEx.Tasks": {
        "type": "Transitive",
        "resolved": "5.1.2",
        "contentHash": "jEkCfR2/M26OK/U4G7SEN063EU/F4LiVA06TtpZILMdX/quIHCg+wn31Zerl2LC+u1cyFancjTY3cNAr2/89PA==",
        "dependencies": {
          "Nito.Disposables": "2.2.1"
        }
      },
      "Nito.Cancellation": {
        "type": "Transitive",
        "resolved": "1.1.2",
        "contentHash": "Z+SZKp0KxMC6tEVbXe8ah4pBJadyqP0pObQMaZcBavhIDEIsGuxt7PL+B9AiNJD3Ni5VgnZsnii5HPJgVDE81w==",
        "dependencies": {
          "Nito.Disposables": "2.2.1"
        }
      },
      "Nito.Collections.Deque": {
        "type": "Transitive",
        "resolved": "1.1.1",
        "contentHash": "CU0/Iuv5VDynK8I8pDLwkgF0rZhbQoZahtodfL0M3x2gFkpBRApKs8RyMyNlAi1mwExE4gsmqQXk4aFVvW9a4Q=="
      },
      "Nito.Disposables": {
        "type": "Transitive",
        "resolved": "2.2.1",
        "contentHash": "6sZ5uynQeAE9dPWBQGKebNmxbY4xsvcc5VplB5WkYEESUS7oy4AwnFp0FhqxTSKm/PaFrFqLrYr696CYN8cugg==",
        "dependencies": {
          "System.Collections.Immutable": "1.7.1"
        }
      },
      "NuGet.Common": {
        "type": "Transitive",
        "resolved": "6.14.0",
        "contentHash": "E+IyoDez4kPrjNPYp41fScowTuSjGifXfjrtU9p9XlQDOGig6vrikQDCMeo6BT6YmT9vUZ+Tb1CX8ru8z0bkNg==",
        "dependencies": {
          "NuGet.Frameworks": "6.14.0",
          "System.Collections.Immutable": "8.0.0"
        }
      },
      "NuGet.Configuration": {
        "type": "Transitive",
        "resolved": "6.14.0",
        "contentHash": "YwoF+Nm0IGdNP/LQ97xysCQlhy4oWIzD4oGcbvz5bQGogPrqn/5lSGwP8llmVv+zfJ6tZZDAT9vh4Q+gH0Aqqg==",
        "dependencies": {
          "NuGet.Common": "6.14.0",
          "System.Security.Cryptography.ProtectedData": "4.4.0"
        }
      },
      "NuGet.Frameworks": {
        "type": "Transitive",
        "resolved": "6.14.0",
        "contentHash": "xZ37J58DQAkVUX29qoMwla26iBYRScdcfSGNe1FIZjCX1tpafN9n7TinrkRxaJqYzW0D8Ob8a3eRSYhwEUauCA=="
      },
      "SQLitePCLRaw.bundle_e_sqlite3": {
        "type": "Transitive",
        "resolved": "2.1.6",
        "contentHash": "BmAf6XWt4TqtowmiWe4/5rRot6GerAeklmOPfviOvwLoF5WwgxcJHAxZtySuyW9r9w+HLILnm8VfJFLCUJYW8A==",
        "dependencies": {
          "SQLitePCLRaw.lib.e_sqlite3": "2.1.6",
          "SQLitePCLRaw.provider.e_sqlite3": "2.1.6"
        }
      },
      "SQLitePCLRaw.core": {
        "type": "Transitive",
        "resolved": "2.1.6",
        "contentHash": "wO6v9GeMx9CUngAet8hbO7xdm+M42p1XeJq47ogyRoYSvNSp0NGLI+MgC0bhrMk9C17MTVFlLiN6ylyExLCc5w==",
        "dependencies": {
          "System.Memory": "4.5.3"
        }
      },
      "SQLitePCLRaw.lib.e_sqlite3": {
        "type": "Transitive",
        "resolved": "2.1.6",
        "contentHash": "2ObJJLkIUIxRpOUlZNGuD4rICpBnrBR5anjyfUFQep4hMOIeqW+XGQYzrNmHSVz5xSWZ3klSbh7sFR6UyDj68Q=="
      },
      "SQLitePCLRaw.provider.e_sqlite3": {
        "type": "Transitive",
        "resolved": "2.1.6",
        "contentHash": "PQ2Oq3yepLY4P7ll145P3xtx2bX8xF4PzaKPRpw9jZlKvfe4LE/saAV82inND9usn1XRpmxXk7Lal3MTI+6CNg==",
        "dependencies": {
          "SQLitePCLRaw.core": "2.1.6"
        }
      },
      "System.Collections.Immutable": {
        "type": "Transitive",
        "resolved": "8.0.0",
        "contentHash": "AurL6Y5BA1WotzlEvVaIDpqzpIPvYnnldxru8oXJU2yFxFUy3+pNXjXd1ymO+RA0rq0+590Q8gaz2l3Sr7fmqg=="
      },
      "System.Configuration.ConfigurationManager": {
        "type": "Transitive",
        "resolved": "8.0.1",
        "contentHash": "gPYFPDyohW2gXNhdQRSjtmeS6FymL2crg4Sral1wtvEJ7DUqFCDWDVbbLobASbzxfic8U1hQEdC7hmg9LHncMw==",
        "dependencies": {
          "System.Diagnostics.EventLog": "8.0.1",
          "System.Security.Cryptography.ProtectedData": "8.0.0"
        }
      },
      "System.Diagnostics.EventLog": {
        "type": "Transitive",
        "resolved": "8.0.1",
        "contentHash": "n1ZP7NM2Gkn/MgD8+eOT5MulMj6wfeQMNS2Pizvq5GHCZfjlFMXV2irQlQmJhwA2VABC57M0auudO89Iu2uRLg=="
      },
      "System.IO.Pipelines": {
        "type": "Transitive",
        "resolved": "8.0.0",
        "contentHash": "FHNOatmUq0sqJOkTx+UF/9YK1f180cnW5FVqnQMvYUN0elp6wFzbtPSiqbo1/ru8ICp43JM1i7kKkk6GsNGHlA=="
      },
      "System.Memory": {
        "type": "Transitive",
        "resolved": "4.5.3",
        "contentHash": "3oDzvc/zzetpTKWMShs1AADwZjQ/36HnsufHRPcOjyRAAMLDlu2iD33MBI2opxnezcVUtXyqDXXjoFMOU9c7SA=="
      },
      "System.Net.ServerSentEvents": {
        "type": "Transitive",
        "resolved": "10.0.0-rc.2.25502.107",
        "contentHash": "eu9BeqDMWbAV4IKabPSFA8hpP8K5ZT/ynLyRwifQfBKqnXmeBsKzAQlZfeII/CLzK+IYtPQwRgloORmJkCP+Vw=="
      },
      "System.Reflection.Emit.Lightweight": {
        "type": "Transitive",
        "resolved": "4.7.0",
        "contentHash": "a4OLB4IITxAXJeV74MDx49Oq2+PsF6Sml54XAFv+2RyWwtDBcabzoxiiJRhdhx+gaohLh4hEGCLQyBozXoQPqA=="
      },
      "System.Security.Cryptography.ProtectedData": {
        "type": "Transitive",
        "resolved": "8.0.0",
        "contentHash": "+TUFINV2q2ifyXauQXRwy4CiBhqvDEDZeVJU7qfxya4aRYOKzVBpN+4acx25VcPB9ywUN6C0n8drWl110PhZEg=="
      },
      "System.Text.Encoding.CodePages": {
        "type": "Transitive",
        "resolved": "8.0.0",
        "contentHash": "OZIsVplFGaVY90G2SbpgU7EnCoOO5pw1t4ic21dBF3/1omrJFpAGoNAVpPyMVOC90/hvgkGG3VFqR13YgZMQfg=="
      },
      "WmiLight": {
        "type": "Transitive",
        "resolved": "6.5.2",
        "contentHash": "Su/PYYn3vQR5sMPmkImiUra29CJinr626teUsWj2DDORuc+HgmJRZPgWh8ht+Uakr3L3UapexdbBP3DKPwPGsg=="
      },
      "StockSharp.Algo": {
        "type": "Project",
        "dependencies": {
          "Ecng.Compilation": "[1.0.*, )",
          "Ecng.IO": "[1.0.*, )",
          "Ecng.Interop": "[1.0.*, )",
          "Ecng.Linq": "[1.0.*, )",
          "Ecng.MathLight": "[1.0.*, )",
          "Ecng.Net": "[1.0.*, )",
          "Ecng.StringSearch": "[1.0.*, )",
          "GeneticSharp": "[3.1.4, )",
          "StockSharp.Charting.Interfaces": "[5.0.0, )",
          "StockSharp.Configuration": "[5.0.0, )"
        }
      },
      "StockSharp.BusinessEntities": {
        "type": "Project",
        "dependencies": {
          "Ecng.Configuration": "[1.0.*, )",
          "Ecng.Drawing": "[1.0.*, )",
          "StockSharp.Messages": "[5.0.0, )"
        }
      },
      "StockSharp.Charting.Interfaces": {
        "type": "Project",
        "dependencies": {
          "StockSharp.BusinessEntities": "[5.0.0, )"
        }
      },
      "StockSharp.Configuration": {
        "type": "Project",
        "dependencies": {
          "Ecng.Configuration": "[1.0.*, )",
          "NuGet.Configuration": "[6.14.0, )",
          "StockSharp.Messages": "[5.0.0, )"
        }
      },
      "StockSharp.Localization": {
        "type": "Project",
        "dependencies": {
          "Ecng.ComponentModel": "[1.0.*, )"
        }
      },
      "StockSharp.Messages": {
        "type": "Project",
        "dependencies": {
          "Ecng.Linq": "[1.0.*, )",
          "Ecng.Logging": "[1.0.*, )",
          "StockSharp.Localization": "[5.0.0, )"
        }
      }
    }
  }
}