{
  "version": 1,
  "dependencies": {
    "net10.0": {
      "FluentValidation": {
        "type": "Direct",
        "requested": "[12.0.0, )",
        "resolved": "12.0.0",
        "contentHash": "8NVLxtMUXynRHJIX3Hn1ACovaqZIJASufXIIFkD0EUbcd5PmMsL1xUD5h548gCezJ5BzlITaR9CAMrGe29aWpA=="
      },
      "Microsoft.Extensions.DependencyInjection": {
        "type": "Direct",
        "requested": "[10.0.0, )",
        "resolved": "10.0.0",
        "contentHash": "f0RBabswJq+gRu5a+hWIobrLWiUYPKMhCD9WO3sYBAdSy3FFH14LMvLVFZc2kPSCimBLxSuitUhsd6tb0TAY6A==",
        "dependencies": {
          "Microsoft.Extensions.DependencyInjection.Abstractions": "10.0.0"
        }
      },
      "Microsoft.Extensions.Logging.Console": {
        "type": "Direct",
        "requested": "[10.0.0, )",
        "resolved": "10.0.0",
        "contentHash": "treWetuksp8LVb09fCJ5zNhNJjyDkqzVm83XxcrlWQnAdXznR140UUXo8PyEPBvFlHhjKhFQZEOP3Sk/ByCvEw==",
        "dependencies": {
          "Microsoft.Extensions.DependencyInjection.Abstractions": "10.0.0",
          "Microsoft.Extensions.Logging": "10.0.0",
          "Microsoft.Extensions.Logging.Abstractions": "10.0.0",
          "Microsoft.Extensions.Logging.Configuration": "10.0.0",
          "Microsoft.Extensions.Options": "10.0.0"
        }
      },
      "Microsoft.Extensions.Options": {
        "type": "Direct",
        "requested": "[10.0.0, )",
        "resolved": "10.0.0",
        "contentHash": "8oCAgXOow5XDrY9HaXX1QmH3ORsyZO/ANVHBlhLyCeWTH5Sg4UuqZeOTWJi6484M+LqSx0RqQXDJtdYy2BNiLQ==",
        "dependencies": {
          "Microsoft.Extensions.DependencyInjection.Abstractions": "10.0.0",
          "Microsoft.Extensions.Primitives": "10.0.0"
        }
      },
      "StockSharp.Binance": {
        "type": "Direct",
        "requested": "[5.*, )",
        "resolved": "5.0.201",
        "contentHash": "hQqEeAAtQfwy9HLozeI7AERDUJ5024TjXKqf9q6gbNrQPwT9ijHeH5c+ro7HY34rji0fT5jLueYu9TlBiVcrmw==",
        "dependencies": {
          "Ecng.Net.SocketIO": "1.0.430",
          "StockSharp.Media.Names": "5.0.1",
          "StockSharp.Messages": "5.0.222"
        }
      },
      "System.CommandLine": {
        "type": "Direct",
        "requested": "[2.0.0-beta4.22272.1, )",
        "resolved": "2.0.0-beta4.22272.1",
        "contentHash": "1uqED/q2H0kKoLJ4+hI2iPSBSEdTuhfCYADeJrAqERmiGQ2NNacYKRNEQ+gFbU4glgVyK8rxI+ZOe1onEtr/Pg=="
      },
      "Ecng.Collections": {
        "type": "Transitive",
        "resolved": "1.0.242",
        "contentHash": "TV7bu4TxU1aXaRNuu+sizkzjWSPWcgWSY8WG5ezOnc6vGtpGIvng3FMsU+K1sfoyxnjktbwuxBevfLvvP38Dxg==",
        "dependencies": {
          "Ecng.Common": "1.0.219"
        }
      },
      "Ecng.Common": {
        "type": "Transitive",
        "resolved": "1.0.219",
        "contentHash": "DAhICgvHOC88AVijpgpTiRZlEnz3ajMI4NL5uoMEXVjbCQHlhU8jVLtbROYNJX29gu5hGdvwAmUnpbXr6A9JsA==",
        "dependencies": {
          "Ecng.SmartFormat": "1.0.38",
          "Nito.AsyncEx": "5.1.2"
        }
      },
      "Ecng.Compilation": {
        "type": "Transitive",
        "resolved": "1.0.225",
        "contentHash": "kSxhKihk0IRUFFqR2E+oJFE5NCWAhk2RLCcq65IMT8KW0Mx4h6baO/ul/lEfAcvEE6CIY9AIp5iyH2wa2JCAJg==",
        "dependencies": {
          "Ecng.ComponentModel": "1.0.362"
        }
      },
      "Ecng.ComponentModel": {
        "type": "Transitive",
        "resolved": "1.0.362",
        "contentHash": "Lg2ut3GRCOMulQ061eQ6Pb9va3CX+1iXK10Bb63tLzdN1T/ZrIrAE2FRP+eX3eJx4Lj3Ji4o1DI61ya9iGOIlA==",
        "dependencies": {
          "Ecng.Localization": "1.0.213",
          "Ecng.Serialization": "1.0.287"
        }
      },
      "Ecng.Configuration": {
        "type": "Transitive",
        "resolved": "1.0.224",
        "contentHash": "0NGBSVbGyTwz/P8VN49A86HOZYLi0I7Xur/VSf8cNRGtmRNVL8nTPXBNysqKXzn+m4MLGLGR6U1gXTKtCkGK8Q==",
        "dependencies": {
          "Ecng.Common": "1.0.219",
          "System.Configuration.ConfigurationManager": "10.0.0"
        }
      },
      "Ecng.Drawing": {
        "type": "Transitive",
        "resolved": "1.0.137",
        "contentHash": "BsoL7OM/5Vnn6Tz1xsGb871A/B/Nxpw9rqd6HPQ6HJ2R+EP8SFN0GWmDLPBm2uVGYjkNQ9NHH3+jXkZ+bA2msg==",
        "dependencies": {
          "Ecng.Localization": "1.0.213"
        }
      },
      "Ecng.Interop": {
        "type": "Transitive",
        "resolved": "1.0.277",
        "contentHash": "wYBzjKTZmYgwgtkjbwFRpziOjwq7r+H20f+lNMYZJciDOWgCmjg6Scemflm1q87AdW7HiVI5bH+QxF4LdeegLg==",
        "dependencies": {
          "Ecng.Common": "1.0.219",
          "WmiLight": "6.5.2"
        }
      },
      "Ecng.IO": {
        "type": "Transitive",
        "resolved": "1.0.224",
        "contentHash": "d7PNZwuZP+Mm0EHgiKL4jY+oZtQeyuEa7Xhcb0OSeTlrhU/+9eFhql55q5HpuIud+G8WeUcE5ssEqfbBFQrAJA==",
        "dependencies": {
          "Ecng.Common": "1.0.219",
          "Ecng.Lzma": "1.0.63"
        }
      },
      "Ecng.Linq": {
        "type": "Transitive",
        "resolved": "1.0.128",
        "contentHash": "9OEq1L2EKIRar/a8xJVwaLxQfzs52XoaYa86w530/CJ+sC+kPxZA74zR4IHmJ4PVQ8WQJsNMJkDcFHe9t+3gJw==",
        "dependencies": {
          "Ecng.Common": "1.0.219"
        }
      },
      "Ecng.Localization": {
        "type": "Transitive",
        "resolved": "1.0.213",
        "contentHash": "7EeB2kYG6JrxEtfpy/NMsJ7Iq8XQOgkUQt7s3aAPRugsx0vgEMELg0tBHpgGGszkCLY4ZRKIxoPGuG7ciFjeSQ==",
        "dependencies": {
          "Ecng.Common": "1.0.219"
        }
      },
      "Ecng.Logging": {
        "type": "Transitive",
        "resolved": "1.0.82",
        "contentHash": "rmKd+bBquaPPuuSdSMhzMj7XLhNo77MDaU75BgUXBVL0HFdWEAOyPmg7kIp20Y5YzuNMWSGj0+g7Mg5HZy4JJw==",
        "dependencies": {
          "Ecng.ComponentModel": "1.0.362",
          "Ecng.Localization": "1.0.213"
        }
      },
      "Ecng.Lzma": {
        "type": "Transitive",
        "resolved": "1.0.63",
        "contentHash": "dDMirXsf+cRf9ehq2ijy6dXPyMBIqx2/5e0lZ/plnM8kQwlIc63PeyBAX2zvLJ+lIfNJePwt8SvTVdtYPn9mSg=="
      },
      "Ecng.MathLight": {
        "type": "Transitive",
        "resolved": "1.0.12",
        "contentHash": "h5kaoryfHYBkxa+iZB+NDE8C67NiRfdTAu1MMYIVhVLUJoKwR3u7QoV7WhhN6/aK7xmMbmRZ3e0TaGbyr39WGA=="
      },
      "Ecng.Net": {
        "type": "Transitive",
        "resolved": "1.0.426",
        "contentHash": "d0+zn3o3HwcfZ9exsOtqerGQOPB7C3K5yWLpiXjY81yCJjt7BJMrMoanirKegxsr6lBJqVralMcDAODQ7NsDgQ==",
        "dependencies": {
          "Ecng.ComponentModel": "1.0.362"
        }
      },
      "Ecng.Net.SocketIO": {
        "type": "Transitive",
        "resolved": "1.0.430",
        "contentHash": "qWlSWhzBmhkfsaG6K3A3DUxYijmjz7q7aAtIKGlP4J94mAYd0hclJHlMaLFVaztm2JeBOerbAeuaE/A+7m6S/g==",
        "dependencies": {
          "Ecng.Localization": "1.0.197",
          "Ecng.Net": "1.0.398",
          "RestSharp": "112.0.0"
        }
      },
      "Ecng.Reflection": {
        "type": "Transitive",
        "resolved": "1.0.255",
        "contentHash": "nAtgzCj+/zyBEfH08uiVuQvRkmnyaym8+FGNsFEmaO3XB29B9Ti9IO/09dJ4dv8F5GQ9BNHscfEd0mJO97yInQ==",
        "dependencies": {
          "Ecng.Collections": "1.0.242"
        }
      },
      "Ecng.Security": {
        "type": "Transitive",
        "resolved": "1.0.248",
        "contentHash": "RhuzyfQEF+LFGhmgErxZg3hXFy+mw1CwudxEK1F3peXPZ9HtO1qOa1+5aNjnPC6iONx2EAVFOIchxRm21Ceyhw==",
        "dependencies": {
          "Ecng.Collections": "1.0.242"
        }
      },
      "Ecng.Serialization": {
        "type": "Transitive",
        "resolved": "1.0.287",
        "contentHash": "hQTthtbIvA2od6IOaR/DtxGUysohSqYL1Omedf/JtOGnjVhESuj6EjGCtXNi02hFx0jLCCvn4pCxi/bf66KW+g==",
        "dependencies": {
          "Ecng.Reflection": "1.0.255",
          "Ecng.Security": "1.0.248"
        }
      },
      "Ecng.SmartFormat": {
        "type": "Transitive",
        "resolved": "1.0.38",
        "contentHash": "da23pEqHVm5rgIdx4aOxP0Nmi3pTH2e+wqWDW7EccnjGuMd/ALPwh3EeE5DDVLjV/Z5+8iXMUlLi7qk6GVgrjA==",
        "dependencies": {
          "Newtonsoft.Json": "13.0.4"
        }
      },
      "Ecng.StringSearch": {
        "type": "Transitive",
        "resolved": "1.0.199",
        "contentHash": "O59Vc0LMQ4DVrRLy76YLgWpwYCTtHxO8/DqLhXdrZfGoOTZbLwhDB0Fy6Sh3r27rbMyLtsvA9AhuLjKx68m7fQ==",
        "dependencies": {
          "Ecng.Collections": "1.0.242"
        }
      },
      "GeneticSharp": {
        "type": "Transitive",
        "resolved": "3.1.4",
        "contentHash": "U7NfUCVoiX0tKl6uvN7QGj6rHiM+jWRip+SbWYwG8RqZZcTwCBWO5IPwgKhSnh0vjV/LzRMUBEuSiZKAPl6I+Q=="
      },
      "Microsoft.Data.Sqlite": {
        "type": "Transitive",
        "resolved": "10.0.0",
        "contentHash": "I/azQ5WjwoLvSlTyDydkhARPSjYJN8jkXRjR5D92OeyTLbTrQ1K93rgf6XU+HYWHZA6lBI9SUOfl69OqEHb4ow==",
        "dependencies": {
          "Microsoft.Data.Sqlite.Core": "10.0.0",
          "SQLitePCLRaw.bundle_e_sqlite3": "2.1.11",
          "SQLitePCLRaw.core": "2.1.11"
        }
      },
      "Microsoft.Data.Sqlite.Core": {
        "type": "Transitive",
        "resolved": "10.0.0",
        "contentHash": "wPKG/Ym6tSMCo06UOZXzVfeFGzawnOZrTba/R3PfK+RhNuNELZ9I7nFns4WGTtv2kKlrlmmErgJ+kgTXHaNdHg==",
        "dependencies": {
          "SQLitePCLRaw.core": "2.1.11"
        }
      },
      "Microsoft.Extensions.AI.Abstractions": {
        "type": "Transitive",
        "resolved": "9.10.0",
        "contentHash": "oBdh3TDNN+F28L2ZKOF1NfobJF3BbKWrpta+HI9dz8OcwIiIkFGvP8n1GNPO92upNQ9gofMX1O+MXtopW6tR1A=="
      },
      "Microsoft.Extensions.Configuration": {
        "type": "Transitive",
        "resolved": "10.0.0",
        "contentHash": "H4SWETCh/cC5L1WtWchHR6LntGk3rDTTznZMssr4cL8IbDmMWBxY+MOGDc/ASnqNolLKPIWHWeuC1ddiL/iNPw==",
        "dependencies": {
          "Microsoft.Extensions.Configuration.Abstractions": "10.0.0",
          "Microsoft.Extensions.Primitives": "10.0.0"
        }
      },
      "Microsoft.Extensions.Configuration.Abstractions": {
        "type": "Transitive",
        "resolved": "10.0.0",
        "contentHash": "d2kDKnCsJvY7mBVhcjPSp9BkJk48DsaHPg5u+Oy4f8XaOqnEedRy/USyvnpHL92wpJ6DrTPy7htppUUzskbCXQ==",
        "dependencies": {
          "Microsoft.Extensions.Primitives": "10.0.0"
        }
      },
      "Microsoft.Extensions.Configuration.Binder": {
        "type": "Transitive",
        "resolved": "10.0.0",
        "contentHash": "tMF9wNh+hlyYDWB8mrFCQHQmWHlRosol1b/N2Jrefy1bFLnuTlgSYmPyHNmz8xVQgs7DpXytBRWxGhG+mSTp0g==",
        "dependencies": {
          "Microsoft.Extensions.Configuration": "10.0.0",
          "Microsoft.Extensions.Configuration.Abstractions": "10.0.0"
        }
      },
      "Microsoft.Extensions.Configuration.CommandLine": {
        "type": "Transitive",
        "resolved": "10.0.0",
        "contentHash": "CRj5clwZciVs46GMhAthkFq3+JiNM15Bz9CRlCZLBmRdggD6RwoBphRJ+EUDK2f+cZZ1L2zqVaQrn1KueoU5Kg==",
        "dependencies": {
          "Microsoft.Extensions.Configuration": "10.0.0",
          "Microsoft.Extensions.Configuration.Abstractions": "10.0.0"
        }
      },
      "Microsoft.Extensions.Configuration.EnvironmentVariables": {
        "type": "Transitive",
        "resolved": "10.0.0",
        "contentHash": "TmFegsI/uCdwMBD4yKpmO+OkjVNHQL49Dh/ep83NI5rPUEoBK9OdsJo1zURc1A2FuS/R/Pos3wsTjlyLnguBLA==",
        "dependencies": {
          "Microsoft.Extensions.Configuration": "10.0.0",
          "Microsoft.Extensions.Configuration.Abstractions": "10.0.0"
        }
      },
      "Microsoft.Extensions.Configuration.FileExtensions": {
        "type": "Transitive",
        "resolved": "10.0.0",
        "contentHash": "LqCTyF0twrG4tyEN6PpSC5ewRBDwCBazRUfCOdRddwaQ3n2S57GDDeYOlTLcbV/V2dxSSZWg5Ofr48h6BsBmxw==",
        "dependencies": {
          "Microsoft.Extensions.Configuration": "10.0.0",
          "Microsoft.Extensions.Configuration.Abstractions": "10.0.0",
          "Microsoft.Extensions.FileProviders.Abstractions": "10.0.0",
          "Microsoft.Extensions.FileProviders.Physical": "10.0.0",
          "Microsoft.Extensions.Primitives": "10.0.0"
        }
      },
      "Microsoft.Extensions.Configuration.Json": {
        "type": "Transitive",
        "resolved": "10.0.0",
        "contentHash": "BIOPTEAZoeWbHlDT9Zudu+rpecZizFwhdIFRiyZKDml7JbayXmfTXKUt+ezifsSXfBkWDdJM10oDOxo8pufEng==",
        "dependencies": {
          "Microsoft.Extensions.Configuration": "10.0.0",
          "Microsoft.Extensions.Configuration.Abstractions": "10.0.0",
          "Microsoft.Extensions.Configuration.FileExtensions": "10.0.0",
          "Microsoft.Extensions.FileProviders.Abstractions": "10.0.0"
        }
      },
      "Microsoft.Extensions.Configuration.UserSecrets": {
        "type": "Transitive",
        "resolved": "10.0.0",
        "contentHash": "B4qHB6gQ2B3I52YRohSV7wetp01BQzi8jDmrtiVm6e4l8vH5vjqwxWcR5wumGWjdBkj1asJLLsDIocdyTQSP0A==",
        "dependencies": {
          "Microsoft.Extensions.Configuration.Abstractions": "10.0.0",
          "Microsoft.Extensions.Configuration.Json": "10.0.0",
          "Microsoft.Extensions.FileProviders.Abstractions": "10.0.0",
          "Microsoft.Extensions.FileProviders.Physical": "10.0.0"
        }
      },
      "Microsoft.Extensions.DependencyInjection.Abstractions": {
        "type": "Transitive",
        "resolved": "10.0.0",
        "contentHash": "L3AdmZ1WOK4XXT5YFPEwyt0ep6l8lGIPs7F5OOBZc77Zqeo01Of7XXICy47628sdVl0v/owxYJTe86DTgFwKCA=="
      },
      "Microsoft.Extensions.Diagnostics": {
        "type": "Transitive",
        "resolved": "10.0.0",
        "contentHash": "xjkxIPgrT0mKTfBwb+CVqZnRchyZgzKIfDQOp8z+WUC6vPe3WokIf71z+hJPkH0YBUYJwa7Z/al1R087ib9oiw==",
        "dependencies": {
          "Microsoft.Extensions.Configuration": "10.0.0",
          "Microsoft.Extensions.Diagnostics.Abstractions": "10.0.0",
          "Microsoft.Extensions.Options.ConfigurationExtensions": "10.0.0"
        }
      },
      "Microsoft.Extensions.Diagnostics.Abstractions": {
        "type": "Transitive",
        "resolved": "10.0.0",
        "contentHash": "SfK89ytD61S7DgzorFljSkUeluC1ncn6dtZgwc0ot39f/BEYWBl5jpgvodxduoYAs1d9HG8faCDRZxE95UMo2A==",
        "dependencies": {
          "Microsoft.Extensions.DependencyInjection.Abstractions": "10.0.0",
          "Microsoft.Extensions.Options": "10.0.0"
        }
      },
      "Microsoft.Extensions.FileProviders.Abstractions": {
        "type": "Transitive",
        "resolved": "10.0.0",
        "contentHash": "/ppSdehKk3fuXjlqCDgSOtjRK/pSHU8eWgzSHfHdwVm5BP4Dgejehkw+PtxKG2j98qTDEHDst2Y99aNsmJldmw==",
        "dependencies": {
          "Microsoft.Extensions.Primitives": "10.0.0"
        }
      },
      "Microsoft.Extensions.FileProviders.Physical": {
        "type": "Transitive",
        "resolved": "10.0.0",
        "contentHash": "UZUQ74lQMmvcprlG8w+XpxBbyRDQqfb7GAnccITw32hdkUBlmm9yNC4xl4aR9YjgV3ounZcub194sdmLSfBmPA==",
        "dependencies": {
          "Microsoft.Extensions.FileProviders.Abstractions": "10.0.0",
          "Microsoft.Extensions.FileSystemGlobbing": "10.0.0",
          "Microsoft.Extensions.Primitives": "10.0.0"
        }
      },
      "Microsoft.Extensions.FileSystemGlobbing": {
        "type": "Transitive",
        "resolved": "10.0.0",
        "contentHash": "5hfVl/e+bx1px2UkN+1xXhd3hu7Ui6ENItBzckFaRDQXfr+SHT/7qrCDrlQekCF/PBtEu2vtk87U2+gDEF8EhQ=="
      },
      "Microsoft.Extensions.Hosting": {
        "type": "Transitive",
        "resolved": "10.0.0",
        "contentHash": "yKJiVdXkSfe9foojGpBRbuDPQI8YD71IO/aE8ehGjRHE0VkEF/YWkW6StthwuFF146pc2lypZrpk/Tks6Plwhw==",
        "dependencies": {
          "Microsoft.Extensions.Configuration": "10.0.0",
          "Microsoft.Extensions.Configuration.Abstractions": "10.0.0",
          "Microsoft.Extensions.Configuration.Binder": "10.0.0",
          "Microsoft.Extensions.Configuration.CommandLine": "10.0.0",
          "Microsoft.Extensions.Configuration.EnvironmentVariables": "10.0.0",
          "Microsoft.Extensions.Configuration.FileExtensions": "10.0.0",
          "Microsoft.Extensions.Configuration.Json": "10.0.0",
          "Microsoft.Extensions.Configuration.UserSecrets": "10.0.0",
          "Microsoft.Extensions.DependencyInjection": "10.0.0",
          "Microsoft.Extensions.DependencyInjection.Abstractions": "10.0.0",
          "Microsoft.Extensions.Diagnostics": "10.0.0",
          "Microsoft.Extensions.FileProviders.Abstractions": "10.0.0",
          "Microsoft.Extensions.FileProviders.Physical": "10.0.0",
          "Microsoft.Extensions.Hosting.Abstractions": "10.0.0",
          "Microsoft.Extensions.Logging": "10.0.0",
          "Microsoft.Extensions.Logging.Abstractions": "10.0.0",
          "Microsoft.Extensions.Logging.Configuration": "10.0.0",
          "Microsoft.Extensions.Logging.Console": "10.0.0",
          "Microsoft.Extensions.Logging.Debug": "10.0.0",
          "Microsoft.Extensions.Logging.EventLog": "10.0.0",
          "Microsoft.Extensions.Logging.EventSource": "10.0.0",
          "Microsoft.Extensions.Options": "10.0.0"
        }
      },
      "Microsoft.Extensions.Hosting.Abstractions": {
        "type": "Transitive",
        "resolved": "10.0.0",
        "contentHash": "KrN6TGFwCwqOkLLk/idW/XtDQh+8In+CL9T4M1Dx+5ScsjTq4TlVbal8q532m82UYrMr6RiQJF2HvYCN0QwVsA==",
        "dependencies": {
          "Microsoft.Extensions.Configuration.Abstractions": "10.0.0",
          "Microsoft.Extensions.DependencyInjection.Abstractions": "10.0.0",
          "Microsoft.Extensions.Diagnostics.Abstractions": "10.0.0",
          "Microsoft.Extensions.FileProviders.Abstractions": "10.0.0",
          "Microsoft.Extensions.Logging.Abstractions": "10.0.0"
        }
      },
      "Microsoft.Extensions.Logging": {
        "type": "Transitive",
        "resolved": "10.0.0",
        "contentHash": "BStFkd5CcnEtarlcgYDBcFzGYCuuNMzPs02wN3WBsOFoYIEmYoUdAiU+au6opzoqfTYJsMTW00AeqDdnXH2CvA==",
        "dependencies": {
          "Microsoft.Extensions.DependencyInjection": "10.0.0",
          "Microsoft.Extensions.Logging.Abstractions": "10.0.0",
          "Microsoft.Extensions.Options": "10.0.0"
        }
      },
      "Microsoft.Extensions.Logging.Abstractions": {
        "type": "Transitive",
        "resolved": "10.0.0",
        "contentHash": "FU/IfjDfwaMuKr414SSQNTIti/69bHEMb+QKrskRb26oVqpx3lNFXMjs/RC9ZUuhBhcwDM2BwOgoMw+PZ+beqQ==",
        "dependencies": {
          "Microsoft.Extensions.DependencyInjection.Abstractions": "10.0.0"
        }
      },
      "Microsoft.Extensions.Logging.Configuration": {
        "type": "Transitive",
        "resolved": "10.0.0",
        "contentHash": "j8zcwhS6bYB6FEfaY3nYSgHdpiL2T+/V3xjpHtslVAegyI1JUbB9yAt/BFdvZdsNbY0Udm4xFtvfT/hUwcOOOg==",
        "dependencies": {
          "Microsoft.Extensions.Configuration": "10.0.0",
          "Microsoft.Extensions.Configuration.Abstractions": "10.0.0",
          "Microsoft.Extensions.Configuration.Binder": "10.0.0",
          "Microsoft.Extensions.DependencyInjection.Abstractions": "10.0.0",
          "Microsoft.Extensions.Logging": "10.0.0",
          "Microsoft.Extensions.Logging.Abstractions": "10.0.0",
          "Microsoft.Extensions.Options": "10.0.0",
          "Microsoft.Extensions.Options.ConfigurationExtensions": "10.0.0"
        }
      },
      "Microsoft.Extensions.Logging.Debug": {
        "type": "Transitive",
        "resolved": "10.0.0",
        "contentHash": "A/4vBtVaySLBGj4qluye+KSbeVCCMa6GcTbxf2YgnSDHs9b9105+VojBJ1eJPel8F1ny0JOh+Ci3vgCKn69tNQ==",
        "dependencies": {
          "Microsoft.Extensions.DependencyInjection.Abstractions": "10.0.0",
          "Microsoft.Extensions.Logging": "10.0.0",
          "Microsoft.Extensions.Logging.Abstractions": "10.0.0"
        }
      },
      "Microsoft.Extensions.Logging.EventLog": {
        "type": "Transitive",
        "resolved": "10.0.0",
        "contentHash": "EWda5nSXhzQZr3yJ3+XgIApOek+Hm+txhWCEzWNVPp/OfimL4qmvctgXu87m+S2RXw/AoUP8aLMNicJ2KWblVA==",
        "dependencies": {
          "Microsoft.Extensions.DependencyInjection.Abstractions": "10.0.0",
          "Microsoft.Extensions.Logging": "10.0.0",
          "Microsoft.Extensions.Logging.Abstractions": "10.0.0",
          "Microsoft.Extensions.Options": "10.0.0",
          "System.Diagnostics.EventLog": "10.0.0"
        }
      },
      "Microsoft.Extensions.Logging.EventSource": {
        "type": "Transitive",
        "resolved": "10.0.0",
        "contentHash": "+Qc+kgoJi1w2A/Jm+7h04LcK2JoJkwAxKg7kBakkNRcemTmRGocqPa7rVNVGorTYruFrUS25GwkFNtOECnjhXg==",
        "dependencies": {
          "Microsoft.Extensions.DependencyInjection.Abstractions": "10.0.0",
          "Microsoft.Extensions.Logging": "10.0.0",
          "Microsoft.Extensions.Logging.Abstractions": "10.0.0",
          "Microsoft.Extensions.Options": "10.0.0",
          "Microsoft.Extensions.Primitives": "10.0.0"
        }
      },
      "Microsoft.Extensions.Options.ConfigurationExtensions": {
        "type": "Transitive",
        "resolved": "10.0.0",
        "contentHash": "tL9cSl3maS5FPzp/3MtlZI21ExWhni0nnUCF8HY4npTsINw45n9SNDbkKXBMtFyUFGSsQep25fHIDN4f/Vp3AQ==",
        "dependencies": {
          "Microsoft.Extensions.Configuration.Abstractions": "10.0.0",
          "Microsoft.Extensions.Configuration.Binder": "10.0.0",
          "Microsoft.Extensions.DependencyInjection.Abstractions": "10.0.0",
          "Microsoft.Extensions.Options": "10.0.0",
          "Microsoft.Extensions.Primitives": "10.0.0"
        }
      },
      "Microsoft.Extensions.Primitives": {
        "type": "Transitive",
        "resolved": "10.0.0",
        "contentHash": "inRnbpCS0nwO/RuoZIAqxQUuyjaknOOnCEZB55KSMMjRhl0RQDttSmLSGsUJN3RQ3ocf5NDLFd2mOQViHqMK5w=="
      },
      "ModelContextProtocol": {
        "type": "Transitive",
        "resolved": "0.4.0-preview.3",
        "contentHash": "iwUNEuzePz0+oYapLvi5HssEmyhWcUscfZLA0g2PDf220VZ89KXrdLhraxXtFWXe25OvkW/8eEJLZmvuK+Gmzw==",
        "dependencies": {
          "Microsoft.Extensions.Hosting.Abstractions": "10.0.0-rc.2.25502.107",
          "ModelContextProtocol.Core": "0.4.0-preview.3"
        }
      },
      "ModelContextProtocol.Core": {
        "type": "Transitive",
        "resolved": "0.4.0-preview.3",
        "contentHash": "r6/cThY2hDnBHB0qrZ195jw7Ks3vN5bi+uqgUa+19OS9E3+/L7OZ267dlrRmIDiBIwcQDqhpe3/p6BgsULkfug==",
        "dependencies": {
          "Microsoft.Extensions.AI.Abstractions": "9.10.0",
          "Microsoft.Extensions.Logging.Abstractions": "10.0.0-rc.2.25502.107"
        }
      },
      "Newtonsoft.Json": {
        "type": "Transitive",
        "resolved": "13.0.4",
        "contentHash": "pdgNNMai3zv51W5aq268sujXUyx7SNdE2bj1wZcWjAQrKMFZV260lbqYop1d2GM67JI1huLRwxo9ZqnfF/lC6A=="
      },
      "Nito.AsyncEx": {
        "type": "Transitive",
        "resolved": "5.1.2",
        "contentHash": "hq+N63M/2znx2z1VzvPDHNg+HIWKdIloEZre+P7E0O+2iRf1Q4HBOgeiJU6SzFD/fWoyKyKSSSrekk4RgiXaeQ==",
        "dependencies": {
          "Nito.AsyncEx.Context": "5.1.2",
          "Nito.AsyncEx.Coordination": "5.1.2",
          "Nito.AsyncEx.Interop.WaitHandles": "5.1.2",
          "Nito.AsyncEx.Oop": "5.1.2",
          "Nito.AsyncEx.Tasks": "5.1.2",
          "Nito.Cancellation": "1.1.2"
        }
      },
      "Nito.AsyncEx.Context": {
        "type": "Transitive",
        "resolved": "5.1.2",
        "contentHash": "rMwL7Nj3oNyvFu/jxUzQ/YBobEkM2RQHe+5mpCDRyq6mfD7vCj7Z3rjB6XgpM6Mqcx1CA2xGv0ascU/2Xk8IIg==",
        "dependencies": {
          "Nito.AsyncEx.Tasks": "5.1.2"
        }
      },
      "Nito.AsyncEx.Coordination": {
        "type": "Transitive",
        "resolved": "5.1.2",
        "contentHash": "QMyUfsaxov//0ZMbOHWr9hJaBFteZd66DV1ay4J5wRODDb8+K/uHC7+3VsOflo6SVw/29mu8OWZp8vMDSuzc0w==",
        "dependencies": {
          "Nito.AsyncEx.Tasks": "5.1.2",
          "Nito.Collections.Deque": "1.1.1"
        }
      },
      "Nito.AsyncEx.Interop.WaitHandles": {
        "type": "Transitive",
        "resolved": "5.1.2",
        "contentHash": "qym29lFBCSIacKvFcJDW+beXzuO+6y9lWdd1KecxzzAqtNuvlYgNPwIsxwdhEINLhTT4aDuCM3JalpUZYWI51Q==",
        "dependencies": {
          "Nito.AsyncEx.Tasks": "5.1.2"
        }
      },
      "Nito.AsyncEx.Oop": {
        "type": "Transitive",
        "resolved": "5.1.2",
        "contentHash": "MxQl/NFoPgMApyjbB2fSZBrjdf9r6ODd/BTrWLyJKYX6UeNfw0Ocr0cPiTg2LRN0Ayud8Gj4dh67AdasNn709Q==",
        "dependencies": {
          "Nito.AsyncEx.Coordination": "5.1.2"
        }
      },
      "Nito.AsyncEx.Tasks": {
        "type": "Transitive",
        "resolved": "5.1.2",
        "contentHash": "jEkCfR2/M26OK/U4G7SEN063EU/F4LiVA06TtpZILMdX/quIHCg+wn31Zerl2LC+u1cyFancjTY3cNAr2/89PA==",
        "dependencies": {
          "Nito.Disposables": "2.2.1"
        }
      },
      "Nito.Cancellation": {
        "type": "Transitive",
        "resolved": "1.1.2",
        "contentHash": "Z+SZKp0KxMC6tEVbXe8ah4pBJadyqP0pObQMaZcBavhIDEIsGuxt7PL+B9AiNJD3Ni5VgnZsnii5HPJgVDE81w==",
        "dependencies": {
          "Nito.Disposables": "2.2.1"
        }
      },
      "Nito.Collections.Deque": {
        "type": "Transitive",
        "resolved": "1.1.1",
        "contentHash": "CU0/Iuv5VDynK8I8pDLwkgF0rZhbQoZahtodfL0M3x2gFkpBRApKs8RyMyNlAi1mwExE4gsmqQXk4aFVvW9a4Q=="
      },
      "Nito.Disposables": {
        "type": "Transitive",
        "resolved": "2.2.1",
        "contentHash": "6sZ5uynQeAE9dPWBQGKebNmxbY4xsvcc5VplB5WkYEESUS7oy4AwnFp0FhqxTSKm/PaFrFqLrYr696CYN8cugg=="
      },
      "NuGet.Common": {
        "type": "Transitive",
        "resolved": "6.14.0",
        "contentHash": "E+IyoDez4kPrjNPYp41fScowTuSjGifXfjrtU9p9XlQDOGig6vrikQDCMeo6BT6YmT9vUZ+Tb1CX8ru8z0bkNg==",
        "dependencies": {
          "NuGet.Frameworks": "6.14.0"
        }
      },
      "NuGet.Configuration": {
        "type": "Transitive",
        "resolved": "6.14.0",
        "contentHash": "YwoF+Nm0IGdNP/LQ97xysCQlhy4oWIzD4oGcbvz5bQGogPrqn/5lSGwP8llmVv+zfJ6tZZDAT9vh4Q+gH0Aqqg==",
        "dependencies": {
          "NuGet.Common": "6.14.0",
          "System.Security.Cryptography.ProtectedData": "4.4.0"
        }
      },
      "NuGet.Frameworks": {
        "type": "Transitive",
        "resolved": "6.14.0",
        "contentHash": "xZ37J58DQAkVUX29qoMwla26iBYRScdcfSGNe1FIZjCX1tpafN9n7TinrkRxaJqYzW0D8Ob8a3eRSYhwEUauCA=="
      },
      "RestSharp": {
        "type": "Transitive",
        "resolved": "112.0.0",
        "contentHash": "vezxJ6DLk0eDx+rmXwVHQvJ3elZCJfnLd8neRrkA+IvTs9falf2CEAolsjI1YKkkHTOvG13xWTnHK7gU0zgaaw=="
      },
      "SQLitePCLRaw.bundle_e_sqlite3": {
        "type": "Transitive",
        "resolved": "2.1.11",
        "contentHash": "DC4nA7yWnf4UZdgJDF+9Mus4/cb0Y3Sfgi3gDnAoKNAIBwzkskNAbNbyu+u4atT0ruVlZNJfwZmwiEwE5oz9LQ==",
        "dependencies": {
          "SQLitePCLRaw.lib.e_sqlite3": "2.1.11",
          "SQLitePCLRaw.provider.e_sqlite3": "2.1.11"
        }
      },
      "SQLitePCLRaw.core": {
        "type": "Transitive",
        "resolved": "2.1.11",
        "contentHash": "PK0GLFkfhZzLQeR3PJf71FmhtHox+U3vcY6ZtswoMjrefkB9k6ErNJEnwXqc5KgXDSjige2XXrezqS39gkpQKA=="
      },
      "SQLitePCLRaw.lib.e_sqlite3": {
        "type": "Transitive",
        "resolved": "2.1.11",
        "contentHash": "Ev2ytaXiOlWZ4b3R67GZBsemTINslLD1DCJr2xiacpn4tbapu0Q4dHEzSvZSMnVWeE5nlObU3VZN2p81q3XOYQ=="
      },
      "SQLitePCLRaw.provider.e_sqlite3": {
        "type": "Transitive",
        "resolved": "2.1.11",
        "contentHash": "Y/0ZkR+r0Cg3DQFuCl1RBnv/tmxpIZRU3HUvelPw6MVaKHwYYR8YNvgs0vuNuXCMvlyJ+Fh88U1D4tah1tt6qw==",
        "dependencies": {
          "SQLitePCLRaw.core": "2.1.11"
        }
      },
      "StockSharp.Media.Names": {
        "type": "Transitive",
        "resolved": "5.0.1",
        "contentHash": "NAS8DbvRMiWkuBfC7s7RnAC8AFek5GV0d92+5rGirNTvXm58bSjcnBiCZxUNX81ROi3r9kwPjf0lWNPeMUqyWQ=="
      },
      "System.Configuration.ConfigurationManager": {
        "type": "Transitive",
        "resolved": "10.0.0",
        "contentHash": "0B+BzJ6pPMrRzJrVsttKf9MfDj6Syw9xoY+agcS9VssYQali1446+jTf5v1K94AMFUBxLXqDZlaTjO5edaI3jA==",
        "dependencies": {
          "System.Diagnostics.EventLog": "10.0.0",
          "System.Security.Cryptography.ProtectedData": "10.0.0"
        }
      },
      "System.Diagnostics.EventLog": {
        "type": "Transitive",
        "resolved": "10.0.0",
        "contentHash": "uaFRda9NjtbJRkdx311eXlAA3n2em7223c1A8d1VWyl+4FL9vkG7y2lpPfBU9HYdj/9KgdRNdn1vFK8ZYCYT/A=="
      },
      "System.Security.Cryptography.ProtectedData": {
        "type": "Transitive",
        "resolved": "10.0.0",
        "contentHash": "qy6C3gQRTrfhFfuiIYU1jNwWfFdJpBVo1BARW7jgMm1zTEm3LRzLLyOLJGaAuKE+nZCGkEP71y4rj9NWjqLGdQ=="
      },
      "WmiLight": {
        "type": "Transitive",
        "resolved": "6.5.2",
        "contentHash": "Su/PYYn3vQR5sMPmkImiUra29CJinr626teUsWj2DDORuc+HgmJRZPgWh8ht+Uakr3L3UapexdbBP3DKPwPGsg=="
      },
      "stocksharp.advancedbacktest": {
        "type": "Project",
        "dependencies": {
          "Microsoft.Data.Sqlite": "[10.0.0, )",
          "Microsoft.Extensions.DependencyInjection.Abstractions": "[10.0.0, )",
          "Microsoft.Extensions.Hosting": "[10.0.0, )",
          "Microsoft.Extensions.Logging.Abstractions": "[10.0.0, )",
          "Microsoft.Extensions.Options": "[10.0.0, )",
          "ModelContextProtocol": "[0.4.0-preview.3, )",
          "StockSharp.Algo": "[5.0.0, )",
          "StockSharp.BusinessEntities": "[5.0.0, )",
          "StockSharp.Messages": "[5.0.0, )"
        }
      },
      "StockSharp.Algo": {
        "type": "Project",
        "dependencies": {
          "Ecng.Compilation": "[1.0.*, )",
          "Ecng.IO": "[1.0.*, )",
          "Ecng.Interop": "[1.0.*, )",
          "Ecng.Linq": "[1.0.*, )",
          "Ecng.MathLight": "[1.0.*, )",
          "Ecng.Net": "[1.0.*, )",
          "Ecng.StringSearch": "[1.0.*, )",
          "GeneticSharp": "[3.1.4, )",
          "StockSharp.Charting.Interfaces": "[5.0.0, )",
          "StockSharp.Configuration": "[5.0.0, )"
        }
      },
      "StockSharp.BusinessEntities": {
        "type": "Project",
        "dependencies": {
          "Ecng.Configuration": "[1.0.*, )",
          "Ecng.Drawing": "[1.0.*, )",
          "StockSharp.Messages": "[5.0.0, )"
        }
      },
      "StockSharp.Charting.Interfaces": {
        "type": "Project",
        "dependencies": {
          "StockSharp.BusinessEntities": "[5.0.0, )"
        }
      },
      "StockSharp.Configuration": {
        "type": "Project",
        "dependencies": {
          "Ecng.Configuration": "[1.0.*, )",
          "NuGet.Configuration": "[6.14.0, )",
          "StockSharp.Messages": "[5.0.0, )"
        }
      },
      "StockSharp.Localization": {
        "type": "Project",
        "dependencies": {
          "Ecng.ComponentModel": "[1.0.*, )"
        }
      },
      "StockSharp.Messages": {
        "type": "Project",
        "dependencies": {
          "Ecng.Linq": "[1.0.*, )",
          "Ecng.Logging": "[1.0.*, )",
          "StockSharp.Localization": "[5.0.0, )"
        }
      }
    }
  }
}